{
  "name": "chatgpt-subtitle-translator",
  "version": "3.0.0-alpha",
  "lockfileVersion": 3,
  "requires": true,
  "packages": {
    "": {
      "name": "chatgpt-subtitle-translator",
      "version": "3.0.0-alpha",
      "license": "MIT",
      "dependencies": {
        "@streamparser/json-node": "^0.0.22",
        "commander": "^14.0.3",
        "dotenv": "^17.3.1",
        "loglevel": "^1.9.2",
        "openai": "^6.22.0",
        "srt-parser-2": "^1.2.3",
        "undici": "^7.22.0",
        "zod": "^4.3.6"
      },
      "bin": {
        "chatgpt-subtitle-translator": "cli/translator.mjs"
      },
      "devDependencies": {
        "@types/node": "^20",
        "typescript": "^5.9.3"
      },
      "engines": {
        "node": ">=20.0.0"
      }
    },
    "node_modules/@streamparser/json": {
      "version": "0.0.22",
      "resolved": "https://registry.npmjs.org/@streamparser/json/-/json-0.0.22.tgz",
      "integrity": "sha512-b6gTSBjJ8G8SuO3Gbbj+zXbVx8NSs1EbpbMKpzGLWMdkR+98McH9bEjSz3+0mPJf68c5nxa3CrJHp5EQNXM6zQ=="
    },
    "node_modules/@streamparser/json-node": {
      "version": "0.0.22",
      "resolved": "https://registry.npmjs.org/@streamparser/json-node/-/json-node-0.0.22.tgz",
      "integrity": "sha512-sJT2ptNRwqB1lIsQrQlCoWk5rF4tif9wDh+7yluAGijJamAhrHGYpFB/Zg3hJeceoZypi74ftXk8DHzwYpbZSg==",
      "dependencies": {
        "@streamparser/json": "^0.0.22"
      }
    },
    "node_modules/@types/node": {
      "version": "20.19.33",
      "resolved": "https://registry.npmjs.org/@types/node/-/node-20.19.33.tgz",
      "integrity": "sha512-Rs1bVAIdBs5gbTIKza/tgpMuG1k3U/UMJLWecIMxNdJFDMzcM5LOiLVRYh3PilWEYDIeUDv7bpiHPLPsbydGcw==",
      "dev": true,
      "dependencies": {
        "undici-types": "~6.21.0"
      }
    },
    "node_modules/commander": {
      "version": "14.0.3",
      "resolved": "https://registry.npmjs.org/commander/-/commander-14.0.3.tgz",
      "integrity": "sha512-H+y0Jo/T1RZ9qPP4Eh1pkcQcLRglraJaSLoyOtHxu6AapkjWVCy2Sit1QQ4x3Dng8qDlSsZEet7g5Pq06MvTgw==",
      "engines": {
        "node": ">=20"
      }
    },
    "node_modules/dotenv": {
      "version": "17.3.1",
      "resolved": "https://registry.npmjs.org/dotenv/-/dotenv-17.3.1.tgz",
      "integrity": "sha512-IO8C/dzEb6O3F9/twg6ZLXz164a2fhTnEWb95H23Dm4OuN+92NmEAlTrupP9VW6Jm3sO26tQlqyvyi4CsnY9GA==",
      "engines": {
        "node": ">=12"
      },
      "funding": {
        "url": "https://dotenvx.com"
      }
    },
    "node_modules/loglevel": {
      "version": "1.9.2",
      "resolved": "https://registry.npmjs.org/loglevel/-/loglevel-1.9.2.tgz",
      "integrity": "sha512-HgMmCqIJSAKqo68l0rS2AanEWfkxaZ5wNiEFb5ggm08lDs9Xl2KxBlX3PTcaD2chBM1gXAYf491/M2Rv8Jwayg==",
      "engines": {
        "node": ">= 0.6.0"
      },
      "funding": {
        "type": "tidelift",
        "url": "https://tidelift.com/funding/github/npm/loglevel"
      }
    },
    "node_modules/openai": {
      "version": "6.22.0",
      "resolved": "https://registry.npmjs.org/openai/-/openai-6.22.0.tgz",
      "integrity": "sha512-7Yvy17F33Bi9RutWbsaYt5hJEEJ/krRPOrwan+f9aCPuMat1WVsb2VNSII5W1EksKT6fF69TG/xj4XzodK3JZw==",
      "bin": {
        "openai": "bin/cli"
      },
      "peerDependencies": {
        "ws": "^8.18.0",
        "zod": "^3.25 || ^4.0"
      },
      "peerDependenciesMeta": {
        "ws": {
          "optional": true
        },
        "zod": {
          "optional": true
        }
      }
    },
    "node_modules/srt-parser-2": {
      "version": "1.2.3",
      "resolved": "https://registry.npmjs.org/srt-parser-2/-/srt-parser-2-1.2.3.tgz",
      "integrity": "sha512-dANP1AyJTI503H0/kXwRza+7QxDB3BqeFvEKTF4MI9lQcBe8JbRUQTKVIGzGABJCwBovEYavZ2Qsdm/s8XKz8A==",
      "bin": {
        "srt-parser-2": "bin/index.js"
      },
      "engines": {
        "node": "*"
      }
    },
    "node_modules/typescript": {
      "version": "5.9.3",
      "resolved": "https://registry.npmjs.org/typescript/-/typescript-5.9.3.tgz",
      "integrity": "sha512-jl1vZzPDinLr9eUt3J/t7V6FgNEw9QjvBPdysz9KfQDD41fQrC2Y4vKQdiaUpFT4bXlb1RHhLpp8wtm6M5TgSw==",
      "dev": true,
      "bin": {
        "tsc": "bin/tsc",
        "tsserver": "bin/tsserver"
      },
      "engines": {
        "node": ">=14.17"
      }
    },
    "node_modules/undici": {
      "version": "7.22.0",
      "resolved": "https://registry.npmjs.org/undici/-/undici-7.22.0.tgz",
      "integrity": "sha512-RqslV2Us5BrllB+JeiZnK4peryVTndy9Dnqq62S3yYRRTj0tFQCwEniUy2167skdGOy3vqRzEvl1Dm4sV2ReDg==",
      "engines": {
        "node": ">=20.18.1"
      }
    },
    "node_modules/undici-types": {
      "version": "6.21.0",
      "resolved": "https://registry.npmjs.org/undici-types/-/undici-types-6.21.0.tgz",
      "integrity": "sha512-iwDZqg0QAGrg9Rav5H4n0M64c3mkR59cJ6wQp+7C4nI0gsmExaedaYLNO44eT4AtBBwjbTiGPMlt2Md0T9H9JQ==",
      "dev": true
    },
    "node_modules/zod": {
      "version": "4.3.6",
      "resolved": "https://registry.npmjs.org/zod/-/zod-4.3.6.tgz",
      "integrity": "sha512-rftlrkhHZOcjDwkGlnUtZZkvaPHCsDATp4pGpuOOMDaTdDDXF91wuVDJoWoPsKX/3YPQ5fHuF3STjcYyKr+Qhg==",
      "funding": {
        "url": "https://github.com/sponsors/colinhacks"
      }
    }
  }
}
