{
  "name": "chatgpt-subtitle-translator",
  "version": "3.3.1",
  "lockfileVersion": 3,
  "requires": true,
  "packages": {
    "": {
      "name": "chatgpt-subtitle-translator",
      "version": "3.3.1",
      "license": "MIT",
      "dependencies": {
        "@streamparser/json-node": "0.0.22",
        "@toon-format/toon": "2.1.0",
        "commander": "14.0.3",
        "dotenv": "17.4.1",
        "gpt-tokenizer": "3.4.0",
        "llm-summary": "github:Cerlancism/llm-summary#b58ba2cb967aedfa33973c0bd16d0610f614a568",
        "loglevel": "1.9.2",
        "openai": "6.33.0",
        "srt-parser-2": "1.2.3",
        "undici": "8.0.2",
        "zod": "4.3.6"
      },
      "bin": {
        "chatgpt-subtitle-translator": "cli/translator.mjs"
      },
      "devDependencies": {
        "@types/node": "^20",
        "typescript": "5.9.3"
      },
      "engines": {
        "node": ">=20.0.0"
      }
    },
    "node_modules/@streamparser/json": {
      "version": "0.0.22",
      "resolved": "https://registry.npmjs.org/@streamparser/json/-/json-0.0.22.tgz",
      "integrity": "sha512-b6gTSBjJ8G8SuO3Gbbj+zXbVx8NSs1EbpbMKpzGLWMdkR+98McH9bEjSz3+0mPJf68c5nxa3CrJHp5EQNXM6zQ=="
    },
    "node_modules/@streamparser/json-node": {
      "version": "0.0.22",
      "resolved": "https://registry.npmjs.org/@streamparser/json-node/-/json-node-0.0.22.tgz",
      "integrity": "sha512-sJT2ptNRwqB1lIsQrQlCoWk5rF4tif9wDh+7yluAGijJamAhrHGYpFB/Zg3hJeceoZypi74ftXk8DHzwYpbZSg==",
      "dependencies": {
        "@streamparser/json": "^0.0.22"
      }
    },
    "node_modules/@toon-format/toon": {
      "version": "2.1.0",
      "resolved": "https://registry.npmjs.org/@toon-format/toon/-/toon-2.1.0.tgz",
      "integrity": "sha512-JwWptdF5eOA0HaQxbKAzkpQtR4wSWTEfDlEy/y3/4okmOAX1qwnpLZMmtEWr+ncAhTTY1raCKH0kteHhSXnQqg=="
    },
    "node_modules/@types/node": {
      "version": "20.19.33",
      "resolved": "https://registry.npmjs.org/@types/node/-/node-20.19.33.tgz",
      "integrity": "sha512-Rs1bVAIdBs5gbTIKza/tgpMuG1k3U/UMJLWecIMxNdJFDMzcM5LOiLVRYh3PilWEYDIeUDv7bpiHPLPsbydGcw==",
      "dev": true,
      "dependencies": {
        "undici-types": "~6.21.0"
      }
    },
    "node_modules/commander": {
      "version": "14.0.3",
      "resolved": "https://registry.npmjs.org/commander/-/commander-14.0.3.tgz",
      "integrity": "sha512-H+y0Jo/T1RZ9qPP4Eh1pkcQcLRglraJaSLoyOtHxu6AapkjWVCy2Sit1QQ4x3Dng8qDlSsZEet7g5Pq06MvTgw==",
      "engines": {
        "node": ">=20"
      }
    },
    "node_modules/dotenv": {
      "version": "17.4.1",
      "resolved": "https://registry.npmjs.org/dotenv/-/dotenv-17.4.1.tgz",
      "integrity": "sha512-k8DaKGP6r1G30Lx8V4+pCsLzKr8vLmV2paqEj1Y55GdAgJuIqpRp5FfajGF8KtwMxCz9qJc6wUIJnm053d/WCw==",
      "engines": {
        "node": ">=12"
      },
      "funding": {
        "url": "https://dotenvx.com"
      }
    },
    "node_modules/gpt-tokenizer": {
      "version": "3.4.0",
      "resolved": "https://registry.npmjs.org/gpt-tokenizer/-/gpt-tokenizer-3.4.0.tgz",
      "integrity": "sha512-wxFLnhIXTDjYebd9A9pGl3e31ZpSypbpIJSOswbgop5jLte/AsZVDvjlbEuVFlsqZixVKqbcoNmRlFDf6pz/UQ=="
    },
    "node_modules/llm-summary": {
      "version": "1.0.0",
      "resolved": "git+ssh://git@github.com/Cerlancism/llm-summary.git#b58ba2cb967aedfa33973c0bd16d0610f614a568",
      "integrity": "sha512-4GY1LYfokEioBFI0O2pIcYhnGijD+OAzLYYOhPTiFWFNcZXZGSYv/axb2EisKxiqhCy6b9sCujVBF0p7G9Ve5w==",
      "dependencies": {
        "dotenv": "17.4.1",
        "gpt-tokenizer": "3.4.0",
        "openai": "6.33.0",
        "zod": "4.3.6"
      },
      "bin": {
        "llm-summary": "dist/cli/index.js"
      }
    },
    "node_modules/loglevel": {
      "version": "1.9.2",
      "resolved": "https://registry.npmjs.org/loglevel/-/loglevel-1.9.2.tgz",
      "integrity": "sha512-HgMmCqIJSAKqo68l0rS2AanEWfkxaZ5wNiEFb5ggm08lDs9Xl2KxBlX3PTcaD2chBM1gXAYf491/M2Rv8Jwayg==",
      "engines": {
        "node": ">= 0.6.0"
      },
      "funding": {
        "type": "tidelift",
        "url": "https://tidelift.com/funding/github/npm/loglevel"
      }
    },
    "node_modules/openai": {
      "version": "6.33.0",
      "resolved": "https://registry.npmjs.org/openai/-/openai-6.33.0.tgz",
      "integrity": "sha512-xAYN1W3YsDXJWA5F277135YfkEk6H7D3D6vWwRhJ3OEkzRgcyK8z/P5P9Gyi/wB4N8kK9kM5ZjprfvyHagKmpw==",
      "license": "Apache-2.0",
      "bin": {
        "openai": "bin/cli"
      },
      "peerDependencies": {
        "ws": "^8.18.0",
        "zod": "^3.25 || ^4.0"
      },
      "peerDependenciesMeta": {
        "ws": {
          "optional": true
        },
        "zod": {
          "optional": true
        }
      }
    },
    "node_modules/srt-parser-2": {
      "version": "1.2.3",
      "resolved": "https://registry.npmjs.org/srt-parser-2/-/srt-parser-2-1.2.3.tgz",
      "integrity": "sha512-dANP1AyJTI503H0/kXwRza+7QxDB3BqeFvEKTF4MI9lQcBe8JbRUQTKVIGzGABJCwBovEYavZ2Qsdm/s8XKz8A==",
      "bin": {
        "srt-parser-2": "bin/index.js"
      },
      "engines": {
        "node": "*"
      }
    },
    "node_modules/typescript": {
      "version": "5.9.3",
      "resolved": "https://registry.npmjs.org/typescript/-/typescript-5.9.3.tgz",
      "integrity": "sha512-jl1vZzPDinLr9eUt3J/t7V6FgNEw9QjvBPdysz9KfQDD41fQrC2Y4vKQdiaUpFT4bXlb1RHhLpp8wtm6M5TgSw==",
      "dev": true,
      "bin": {
        "tsc": "bin/tsc",
        "tsserver": "bin/tsserver"
      },
      "engines": {
        "node": ">=14.17"
      }
    },
    "node_modules/undici": {
      "version": "8.0.2",
      "resolved": "https://registry.npmjs.org/undici/-/undici-8.0.2.tgz",
      "integrity": "sha512-B9MeU5wuFhkFAuNeA19K2GDFcQXZxq33fL0nRy2Aq30wdufZbyyvxW3/ChaeipXVfy/wUweZyzovQGk39+9k2w==",
      "engines": {
        "node": ">=22.19.0"
      }
    },
    "node_modules/undici-types": {
      "version": "6.21.0",
      "resolved": "https://registry.npmjs.org/undici-types/-/undici-types-6.21.0.tgz",
      "integrity": "sha512-iwDZqg0QAGrg9Rav5H4n0M64c3mkR59cJ6wQp+7C4nI0gsmExaedaYLNO44eT4AtBBwjbTiGPMlt2Md0T9H9JQ==",
      "dev": true
    },
    "node_modules/zod": {
      "version": "4.3.6",
      "resolved": "https://registry.npmjs.org/zod/-/zod-4.3.6.tgz",
      "integrity": "sha512-rftlrkhHZOcjDwkGlnUtZZkvaPHCsDATp4pGpuOOMDaTdDDXF91wuVDJoWoPsKX/3YPQ5fHuF3STjcYyKr+Qhg==",
      "funding": {
        "url": "https://github.com/sponsors/colinhacks"
      }
    }
  }
}
